
Microsoft Visual Studio Solution File, Format Version 12.00
# Visual Studio Version 17
VisualStudioVersion = 17.11.35312.102
MinimumVisualStudioVersion = 10.0.40219.1
Project("{FAE04EC0-301F-11D3-BF4B-00C04F79EFBC}") = "TicketRaise", "TicketRaise\TicketRaise.csproj", "{3A3B974B-DCAE-436D-8DD5-727113494947}"
EndProject
Project("{FAE04EC0-301F-11D3-BF4B-00C04F79EFBC}") = "schedule", "schedule\schedule.csproj", "{6AA1861F-7D6F-4D95-BF1A-3E2E6DD2AC30}"
EndProject
Global
	GlobalSection(SolutionConfigurationPlatforms) = preSolution
		Debug|Any CPU = Debug|Any CPU
		Release|Any CPU = Release|Any CPU
	EndGlobalSection
	GlobalSection(ProjectConfigurationPlatforms) = postSolution
		{3A3B974B-DCAE-436D-8DD5-727113494947}.Debug|Any CPU.ActiveCfg = Debug|Any CPU
		{3A3B974B-DCAE-436D-8DD5-727113494947}.Debug|Any CPU.Build.0 = Debug|Any CPU
		{3A3B974B-DCAE-436D-8DD5-727113494947}.Release|Any CPU.ActiveCfg = Release|Any CPU
		{3A3B974B-DCAE-436D-8DD5-727113494947}.Release|Any CPU.Build.0 = Release|Any CPU
		{6AA1861F-7D6F-4D95-BF1A-3E2E6DD2AC30}.Debug|Any CPU.ActiveCfg = Debug|Any CPU
		{6AA1861F-7D6F-4D95-BF1A-3E2E6DD2AC30}.Debug|Any CPU.Build.0 = Debug|Any CPU
		{6AA1861F-7D6F-4D95-BF1A-3E2E6DD2AC30}.Release|Any CPU.ActiveCfg = Release|Any CPU
		{6AA1861F-7D6F-4D95-BF1A-3E2E6DD2AC30}.Release|Any CPU.Build.0 = Release|Any CPU
	EndGlobalSection
	GlobalSection(SolutionProperties) = preSolution
		HideSolutionNode = FALSE
	EndGlobalSection
	GlobalSection(ExtensibilityGlobals) = postSolution
		SolutionGuid = {EAE49874-6535-4D1F-9968-FD4B52FDE646}
	EndGlobalSection
EndGlobal
